// !$*UTF8*$!
{
	archiveVersion = 1;
	classes = {
	};
	objectVersion = 46;
	objects = {

/* Begin PBXBuildFile section */
		00EF7CBE1CE5C35E003BAB3E /* main.m in Sources */ = {isa = PBXBuildFile; fileRef = 00EF7CBD1CE5C35E003BAB3E /* main.m */; };
		00EF7CC11CE5C35E003BAB3E /* AppDelegate.m in Sources */ = {isa = PBXBuildFile; fileRef = 00EF7CC01CE5C35E003BAB3E /* AppDelegate.m */; };
		00EF7CC41CE5C35E003BAB3E /* ViewController.m in Sources */ = {isa = PBXBuildFile; fileRef = 00EF7CC31CE5C35E003BAB3E /* ViewController.m */; };
		00EF7CC71CE5C35E003BAB3E /* Main.storyboard in Resources */ = {isa = PBXBuildFile; fileRef = 00EF7CC51CE5C35E003BAB3E /* Main.storyboard */; };
		00EF7CC91CE5C35E003BAB3E /* Assets.xcassets in Resources */ = {isa = PBXBuildFile; fileRef = 00EF7CC81CE5C35E003BAB3E /* Assets.xcassets */; };
		00EF7CCC1CE5C35E003BAB3E /* LaunchScreen.storyboard in Resources */ = {isa = PBXBuildFile; fileRef = 00EF7CCA1CE5C35E003BAB3E /* LaunchScreen.storyboard */; };
		00EF7CD71CE5C35E003BAB3E /* JCLabelTests.m in Sources */ = {isa = PBXBuildFile; fileRef = 00EF7CD61CE5C35E003BAB3E /* JCLabelTests.m */; };
		00EF7CE21CE5C35E003BAB3E /* JCLabelUITests.m in Sources */ = {isa = PBXBuildFile; fileRef = 00EF7CE11CE5C35E003BAB3E /* JCLabelUITests.m */; };
/* End PBXBuildFile section */

/* Begin PBXContainerItemProxy section */
		00EF7CD31CE5C35E003BAB3E /* PBXContainerItemProxy */ = {
			isa = PBXContainerItemProxy;
			containerPortal = 00EF7CB11CE5C35E003BAB3E /* Project object */;
			proxyType = 1;
			remoteGlobalIDString = 00EF7CB81CE5C35E003BAB3E;
			remoteInfo = JCLabel;
		};
		00EF7CDE1CE5C35E003BAB3E /* PBXContainerItemProxy */ = {
			isa = PBXContainerItemProxy;
			containerPortal = 00EF7CB11CE5C35E003BAB3E /* Project object */;
			proxyType = 1;
			remoteGlobalIDString = 00EF7CB81CE5C35E003BAB3E;
			remoteInfo = JCLabel;
		};
/* End PBXContainerItemProxy section */

/* Begin PBXFileReference section */
		00EF7CB91CE5C35E003BAB3E /* JCLabel.app */ = {isa = PBXFileReference; explicitFileType = wrapper.application; includeInIndex = 0; path = JCLabel.app; sourceTree = BUILT_PRODUCTS_DIR; };
		00EF7CBD1CE5C35E003BAB3E /* main.m */ = {isa = PBXFileReference; lastKnownFileType = sourcecode.c.objc; path = main.m; sourceTree = "<group>"; };
		00EF7CBF1CE5C35E003BAB3E /* AppDelegate.h */ = {isa = PBXFileReference; lastKnownFileType = sourcecode.c.h; path = AppDelegate.h; sourceTree = "<group>"; };
		00EF7CC01CE5C35E003BAB3E /* AppDelegate.m */ = {isa = PBXFileReference; lastKnownFileType = sourcecode.c.objc; path = AppDelegate.m; sourceTree = "<group>"; };
		00EF7CC21CE5C35E003BAB3E /* ViewController.h */ = {isa = PBXFileReference; lastKnownFileType = sourcecode.c.h; path = ViewController.h; sourceTree = "<group>"; };
		00EF7CC31CE5C35E003BAB3E /* ViewController.m */ = {isa = PBXFileReference; lastKnownFileType = sourcecode.c.objc; path = ViewController.m; sourceTree = "<group>"; };
		00EF7CC61CE5C35E003BAB3E /* Base */ = {isa = PBXFileReference; lastKnownFileType = file.storyboard; name = Base; path = Base.lproj/Main.storyboard; sourceTree = "<group>"; };
		00EF7CC81CE5C35E003BAB3E /* Assets.xcassets */ = {isa = PBXFileReference; lastKnownFileType = folder.assetcatalog; path = Assets.xcassets; sourceTree = "<group>"; };
		00EF7CCB1CE5C35E003BAB3E /* Base */ = {isa = PBXFileReference; lastKnownFileType = file.storyboard; name = Base; path = Base.lproj/LaunchScreen.storyboard; sourceTree = "<group>"; };
		00EF7CCD1CE5C35E003BAB3E /* Info.plist */ = {isa = PBXFileReference; lastKnownFileType = text.plist.xml; path = Info.plist; sourceTree = "<group>"; };
		00EF7CD21CE5C35E003BAB3E /* JCLabelTests.xctest */ = {isa = PBXFileReference; explicitFileType = wrapper.cfbundle; includeInIndex = 0; path = JCLabelTests.xctest; sourceTree = BUILT_PRODUCTS_DIR; };
		00EF7CD61CE5C35E003BAB3E /* JCLabelTests.m */ = {isa = PBXFileReference; lastKnownFileType = sourcecode.c.objc; path = JCLabelTests.m; sourceTree = "<group>"; };
		00EF7CD81CE5C35E003BAB3E /* Info.plist */ = {isa = PBXFileReference; lastKnownFileType = text.plist.xml; path = Info.plist; sourceTree = "<group>"; };
		00EF7CDD1CE5C35E003BAB3E /* JCLabelUITests.xctest */ = {isa = PBXFileReference; explicitFileType = wrapper.cfbundle; includeInIndex = 0; path = JCLabelUITests.xctest; sourceTree = BUILT_PRODUCTS_DIR; };
		00EF7CE11CE5C35E003BAB3E /* JCLabelUITests.m */ = {isa = PBXFileReference; lastKnownFileType = sourcecode.c.objc; path = JCLabelUITests.m; sourceTree = "<group>"; };
		00EF7CE31CE5C35E003BAB3E /* Info.plist */ = {isa = PBXFileReference; lastKnownFileType = text.plist.xml; path = Info.plist; sourceTree = "<group>"; };
/* End PBXFileReference section */

/* Begin PBXFrameworksBuildPhase section */
		00EF7CB61CE5C35E003BAB3E /* Frameworks */ = {
			isa = PBXFrameworksBuildPhase;
			buildActionMask = 2147483647;
			files = (
			);
			runOnlyForDeploymentPostprocessing = 0;
		};
		00EF7CCF1CE5C35E003BAB3E /* Frameworks */ = {
			isa = PBXFrameworksBuildPhase;
			buildActionMask = 2147483647;
			files = (
			);
			runOnlyForDeploymentPostprocessing = 0;
		};
		00EF7CDA1CE5C35E003BAB3E /* Frameworks */ = {
			isa = PBXFrameworksBuildPhase;
			buildActionMask = 2147483647;
			files = (
			);
			runOnlyForDeploymentPostprocessing = 0;
		};
/* End PBXFrameworksBuildPhase section */

/* Begin PBXGroup section */
		00EF7CB01CE5C35E003BAB3E = {
			isa = PBXGroup;
			children = (
				00EF7CBB1CE5C35E003BAB3E /* JCLabel */,
				00EF7CD51CE5C35E003BAB3E /* JCLabelTests */,
				00EF7CE01CE5C35E003BAB3E /* JCLabelUITests */,
				00EF7CBA1CE5C35E003BAB3E /* Products */,
			);
			sourceTree = "<group>";
		};
		00EF7CBA1CE5C35E003BAB3E /* Products */ = {
			isa = PBXGroup;
			children = (
				00EF7CB91CE5C35E003BAB3E /* JCLabel.app */,
				00EF7CD21CE5C35E003BAB3E /* JCLabelTests.xctest */,
				00EF7CDD1CE5C35E003BAB3E /* JCLabelUITests.xctest */,
			);
			name = Products;
			sourceTree = "<group>";
		};
		00EF7CBB1CE5C35E003BAB3E /* JCLabel */ = {
			isa = PBXGroup;
			children = (
				00EF7CBF1CE5C35E003BAB3E /* AppDelegate.h */,
				00EF7CC01CE5C35E003BAB3E /* AppDelegate.m */,
				00EF7CC21CE5C35E003BAB3E /* ViewController.h */,
				00EF7CC31CE5C35E003BAB3E /* ViewController.m */,
				00EF7CC51CE5C35E003BAB3E /* Main.storyboard */,
				00EF7CC81CE5C35E003BAB3E /* Assets.xcassets */,
				00EF7CCA1CE5C35E003BAB3E /* LaunchScreen.storyboard */,
				00EF7CCD1CE5C35E003BAB3E /* Info.plist */,
				00EF7CBC1CE5C35E003BAB3E /* Supporting Files */,
			);
			path = JCLabel;
			sourceTree = "<group>";
		};
		00EF7CBC1CE5C35E003BAB3E /* Supporting Files */ = {
			isa = PBXGroup;
			children = (
				00EF7CBD1CE5C35E003BAB3E /* main.m */,
			);
			name = "Supporting Files";
			sourceTree = "<group>";
		};
		00EF7CD51CE5C35E003BAB3E /* JCLabelTests */ = {
			isa = PBXGroup;
			children = (
				00EF7CD61CE5C35E003BAB3E /* JCLabelTests.m */,
				00EF7CD81CE5C35E003BAB3E /* Info.plist */,
			);
			path = JCLabelTests;
			sourceTree = "<group>";
		};
		00EF7CE01CE5C35E003BAB3E /* JCLabelUITests */ = {
			isa = PBXGroup;
			children = (
				00EF7CE11CE5C35E003BAB3E /* JCLabelUITests.m */,
				00EF7CE31CE5C35E003BAB3E /* Info.plist */,
			);
			path = JCLabelUITests;
			sourceTree = "<group>";
		};
/* End PBXGroup section */

/* Begin PBXNativeTarget section */
		00EF7CB81CE5C35E003BAB3E /* JCLabel */ = {
			isa = PBXNativeTarget;
			buildConfigurationList = 00EF7CE61CE5C35E003BAB3E /* Build configuration list for PBXNativeTarget "JCLabel" */;
			buildPhases = (
				00EF7CB51CE5C35E003BAB3E /* Sources */,
				00EF7CB61CE5C35E003BAB3E /* Frameworks */,
				00EF7CB71CE5C35E003BAB3E /* Resources */,
			);
			buildRules = (
			);
			dependencies = (
			);
			name = JCLabel;
			productName = JCLabel;
			productReference = 00EF7CB91CE5C35E003BAB3E /* JCLabel.app */;
			productType = "com.apple.product-type.application";
		};
		00EF7CD11CE5C35E003BAB3E /* JCLabelTests */ = {
			isa = PBXNativeTarget;
			buildConfigurationList = 00EF7CE91CE5C35E003BAB3E /* Build configuration list for PBXNativeTarget "JCLabelTests" */;
			buildPhases = (
				00EF7CCE1CE5C35E003BAB3E /* Sources */,
				00EF7CCF1CE5C35E003BAB3E /* Frameworks */,
				00EF7CD01CE5C35E003BAB3E /* Resources */,
			);
			buildRules = (
			);
			dependencies = (
				00EF7CD41CE5C35E003BAB3E /* PBXTargetDependency */,
			);
			name = JCLabelTests;
			productName = JCLabelTests;
			productReference = 00EF7CD21CE5C35E003BAB3E /* JCLabelTests.xctest */;
			productType = "com.apple.product-type.bundle.unit-test";
		};
		00EF7CDC1CE5C35E003BAB3E /* JCLabelUITests */ = {
			isa = PBXNativeTarget;
			buildConfigurationList = 00EF7CEC1CE5C35E003BAB3E /* Build configuration list for PBXNativeTarget "JCLabelUITests" */;
			buildPhases = (
				00EF7CD91CE5C35E003BAB3E /* Sources */,
				00EF7CDA1CE5C35E003BAB3E /* Frameworks */,
				00EF7CDB1CE5C35E003BAB3E /* Resources */,
			);
			buildRules = (
			);
			dependencies = (
				00EF7CDF1CE5C35E003BAB3E /* PBXTargetDependency */,
			);
			name = JCLabelUITests;
			productName = JCLabelUITests;
			productReference = 00EF7CDD1CE5C35E003BAB3E /* JCLabelUITests.xctest */;
			productType = "com.apple.product-type.bundle.ui-testing";
		};
/* End PBXNativeTarget section */

/* Begin PBXProject section */
		00EF7CB11CE5C35E003BAB3E /* Project object */ = {
			isa = PBXProject;
			attributes = {
				LastUpgradeCheck = 0730;
				ORGANIZATIONNAME = app.yasn.com;
				TargetAttributes = {
					00EF7CB81CE5C35E003BAB3E = {
						CreatedOnToolsVersion = 7.3;
					};
					00EF7CD11CE5C35E003BAB3E = {
						CreatedOnToolsVersion = 7.3;
						TestTargetID = 00EF7CB81CE5C35E003BAB3E;
					};
					00EF7CDC1CE5C35E003BAB3E = {
						CreatedOnToolsVersion = 7.3;
						TestTargetID = 00EF7CB81CE5C35E003BAB3E;
					};
				};
			};
			buildConfigurationList = 00EF7CB41CE5C35E003BAB3E /* Build configuration list for PBXProject "JCLabel" */;
			compatibilityVersion = "Xcode 3.2";
			developmentRegion = English;
			hasScannedForEncodings = 0;
			knownRegions = (
				en,
				Base,
			);
			mainGroup = 00EF7CB01CE5C35E003BAB3E;
			productRefGroup = 00EF7CBA1CE5C35E003BAB3E /* Products */;
			projectDirPath = "";
			projectRoot = "";
			targets = (
				00EF7CB81CE5C35E003BAB3E /* JCLabel */,
				00EF7CD11CE5C35E003BAB3E /* JCLabelTests */,
				00EF7CDC1CE5C35E003BAB3E /* JCLabelUITests */,
			);
		};
/* End PBXProject section */

/* Begin PBXResourcesBuildPhase section */
		00EF7CB71CE5C35E003BAB3E /* Resources */ = {
			isa = PBXResourcesBuildPhase;
			buildActionMask = 2147483647;
			files = (
				00EF7CCC1CE5C35E003BAB3E /* LaunchScreen.storyboard in Resources */,
				00EF7CC91CE5C35E003BAB3E /* Assets.xcassets in Resources */,
				00EF7CC71CE5C35E003BAB3E /* Main.storyboard in Resources */,
			);
			runOnlyForDeploymentPostprocessing = 0;
		};
		00EF7CD01CE5C35E003BAB3E /* Resources */ = {
			isa = PBXResourcesBuildPhase;
			buildActionMask = 2147483647;
			files = (
			);
			runOnlyForDeploymentPostprocessing = 0;
		};
		00EF7CDB1CE5C35E003BAB3E /* Resources */ = {
			isa = PBXResourcesBuildPhase;
			buildActionMask = 2147483647;
			files = (
			);
			runOnlyForDeploymentPostprocessing = 0;
		};
/* End PBXResourcesBuildPhase section */

/* Begin PBXSourcesBuildPhase section */
		00EF7CB51CE5C35E003BAB3E /* Sources */ = {
			isa = PBXSourcesBuildPhase;
			buildActionMask = 2147483647;
			files = (
				00EF7CC41CE5C35E003BAB3E /* ViewController.m in Sources */,
				00EF7CC11CE5C35E003BAB3E /* AppDelegate.m in Sources */,
				00EF7CBE1CE5C35E003BAB3E /* main.m in Sources */,
			);
			runOnlyForDeploymentPostprocessing = 0;
		};
		00EF7CCE1CE5C35E003BAB3E /* Sources */ = {
			isa = PBXSourcesBuildPhase;
			buildActionMask = 2147483647;
			files = (
				00EF7CD71CE5C35E003BAB3E /* JCLabelTests.m in Sources */,
			);
			runOnlyForDeploymentPostprocessing = 0;
		};
		00EF7CD91CE5C35E003BAB3E /* Sources */ = {
			isa = PBXSourcesBuildPhase;
			buildActionMask = 2147483647;
			files = (
				00EF7CE21CE5C35E003BAB3E /* JCLabelUITests.m in Sources */,
			);
			runOnlyForDeploymentPostprocessing = 0;
		};
/* End PBXSourcesBuildPhase section */

/* Begin PBXTargetDependency section */
		00EF7CD41CE5C35E003BAB3E /* PBXTargetDependency */ = {
			isa = PBXTargetDependency;
			target = 00EF7CB81CE5C35E003BAB3E /* JCLabel */;
			targetProxy = 00EF7CD31CE5C35E003BAB3E /* PBXContainerItemProxy */;
		};
		00EF7CDF1CE5C35E003BAB3E /* PBXTargetDependency */ = {
			isa = PBXTargetDependency;
			target = 00EF7CB81CE5C35E003BAB3E /* JCLabel */;
			targetProxy = 00EF7CDE1CE5C35E003BAB3E /* PBXContainerItemProxy */;
		};
/* End PBXTargetDependency section */

/* Begin PBXVariantGroup section */
		00EF7CC51CE5C35E003BAB3E /* Main.storyboard */ = {
			isa = PBXVariantGroup;
			children = (
				00EF7CC61CE5C35E003BAB3E /* Base */,
			);
			name = Main.storyboard;
			sourceTree = "<group>";
		};
		00EF7CCA1CE5C35E003BAB3E /* LaunchScreen.storyboard */ = {
			isa = PBXVariantGroup;
			children = (
				00EF7CCB1CE5C35E003BAB3E /* Base */,
			);
			name = LaunchScreen.storyboard;
			sourceTree = "<group>";
		};
/* End PBXVariantGroup section */

/* Begin XCBuildConfiguration section */
		00EF7CE41CE5C35E003BAB3E /* Debug */ = {
			isa = XCBuildConfiguration;
			buildSettings = {
				ALWAYS_SEARCH_USER_PATHS = NO;
				CLANG_ANALYZER_NONNULL = YES;
				CLANG_CXX_LANGUAGE_STANDARD = "gnu++0x";
				CLANG_CXX_LIBRARY = "libc++";
				CLANG_ENABLE_MODULES = YES;
				CLANG_ENABLE_OBJC_ARC = YES;
				CLANG_WARN_BOOL_CONVERSION = YES;
				CLANG_WARN_CONSTANT_CONVERSION = YES;
				CLANG_WARN_DIRECT_OBJC_ISA_USAGE = YES_ERROR;
				CLANG_WARN_EMPTY_BODY = YES;
				CLANG_WARN_ENUM_CONVERSION = YES;
				CLANG_WARN_INT_CONVERSION = YES;
				CLANG_WARN_OBJC_ROOT_CLASS = YES_ERROR;
				CLANG_WARN_UNREACHABLE_CODE = YES;
				CLANG_WARN__DUPLICATE_METHOD_MATCH = YES;
				"CODE_SIGN_IDENTITY[sdk=iphoneos*]" = "iPhone Developer";
				COPY_PHASE_STRIP = NO;
				DEBUG_INFORMATION_FORMAT = dwarf;
				ENABLE_STRICT_OBJC_MSGSEND = YES;
				ENABLE_TESTABILITY = YES;
				GCC_C_LANGUAGE_STANDARD = gnu99;
				GCC_DYNAMIC_NO_PIC = NO;
				GCC_NO_COMMON_BLOCKS = YES;
				GCC_OPTIMIZATION_LEVEL = 0;
				GCC_PREPROCESSOR_DEFINITIONS = (
					"DEBUG=1",
					"$(inherited)",
				);
				GCC_WARN_64_TO_32_BIT_CONVERSION = YES;
				GCC_WARN_ABOUT_RETURN_TYPE = YES_ERROR;
				GCC_WARN_UNDECLARED_SELECTOR = YES;
				GCC_WARN_UNINITIALIZED_AUTOS = YES_AGGRESSIVE;
				GCC_WARN_UNUSED_FUNCTION = YES;
				GCC_WARN_UNUSED_VARIABLE = YES;
				IPHONEOS_DEPLOYMENT_TARGET = 9.3;
				MTL_ENABLE_DEBUG_INFO = YES;
				ONLY_ACTIVE_ARCH = YES;
				SDKROOT = iphoneos;
			};
			name = Debug;
		};
		00EF7CE51CE5C35E003BAB3E /* Release */ = {
			isa = XCBuildConfiguration;
			buildSettings = {
				ALWAYS_SEARCH_USER_PATHS = NO;
				CLANG_ANALYZER_NONNULL = YES;
				CLANG_CXX_LANGUAGE_STANDARD = "gnu++0x";
				CLANG_CXX_LIBRARY = "libc++";
				CLANG_ENABLE_MODULES = YES;
				CLANG_ENABLE_OBJC_ARC = YES;
				CLANG_WARN_BOOL_CONVERSION = YES;
				CLANG_WARN_CONSTANT_CONVERSION = YES;
				CLANG_WARN_DIRECT_OBJC_ISA_USAGE = YES_ERROR;
				CLANG_WARN_EMPTY_BODY = YES;
				CLANG_WARN_ENUM_CONVERSION = YES;
				CLANG_WARN_INT_CONVERSION = YES;
				CLANG_WARN_OBJC_ROOT_CLASS = YES_ERROR;
				CLANG_WARN_UNREACHABLE_CODE = YES;
				CLANG_WARN__DUPLICATE_METHOD_MATCH = YES;
				"CODE_SIGN_IDENTITY[sdk=iphoneos*]" = "iPhone Developer";
				COPY_PHASE_STRIP = NO;
				DEBUG_INFORMATION_FORMAT = "dwarf-with-dsym";
				ENABLE_NS_ASSERTIONS = NO;
				ENABLE_STRICT_OBJC_MSGSEND = YES;
				GCC_C_LANGUAGE_STANDARD = gnu99;
				GCC_NO_COMMON_BLOCKS = YES;
				GCC_WARN_64_TO_32_BIT_CONVERSION = YES;
				GCC_WARN_ABOUT_RETURN_TYPE = YES_ERROR;
				GCC_WARN_UNDECLARED_SELECTOR = YES;
				GCC_WARN_UNINITIALIZED_AUTOS = YES_AGGRESSIVE;
				GCC_WARN_UNUSED_FUNCTION = YES;
				GCC_WARN_UNUSED_VARIABLE = YES;
				IPHONEOS_DEPLOYMENT_TARGET = 9.3;
				MTL_ENABLE_DEBUG_INFO = NO;
				SDKROOT = iphoneos;
				VALIDATE_PRODUCT = YES;
			};
			name = Release;
		};
		00EF7CE71CE5C35E003BAB3E /* Debug */ = {
			isa = XCBuildConfiguration;
			buildSettings = {
				ASSETCATALOG_COMPILER_APPICON_NAME = AppIcon;
				INFOPLIST_FILE = JCLabel/Info.plist;
				LD_RUNPATH_SEARCH_PATHS = "$(inherited) @executable_path/Frameworks";
				PRODUCT_BUNDLE_IDENTIFIER = com.purchase.yasn123.JCLabel;
				PRODUCT_NAME = "$(TARGET_NAME)";
			};
			name = Debug;
		};
		00EF7CE81CE5C35E003BAB3E /* Release */ = {
			isa = XCBuildConfiguration;
			buildSettings = {
				ASSETCATALOG_COMPILER_APPICON_NAME = AppIcon;
				INFOPLIST_FILE = JCLabel/Info.plist;
				LD_RUNPATH_SEARCH_PATHS = "$(inherited) @executable_path/Frameworks";
				PRODUCT_BUNDLE_IDENTIFIER = com.purchase.yasn123.JCLabel;
				PRODUCT_NAME = "$(TARGET_NAME)";
			};
			name = Release;
		};
		00EF7CEA1CE5C35E003BAB3E /* Debug */ = {
			isa = XCBuildConfiguration;
			buildSettings = {
				BUNDLE_LOADER = "$(TEST_HOST)";
				INFOPLIST_FILE = JCLabelTests/Info.plist;
				LD_RUNPATH_SEARCH_PATHS = "$(inherited) @executable_path/Frameworks @loader_path/Frameworks";
				PRODUCT_BUNDLE_IDENTIFIER = com.purchase.yasn123.JCLabelTests;
				PRODUCT_NAME = "$(TARGET_NAME)";
				TEST_HOST = "$(BUILT_PRODUCTS_DIR)/JCLabel.app/JCLabel";
			};
			name = Debug;
		};
		00EF7CEB1CE5C35E003BAB3E /* Release */ = {
			isa = XCBuildConfiguration;
			buildSettings = {
				BUNDLE_LOADER = "$(TEST_HOST)";
				INFOPLIST_FILE = JCLabelTests/Info.plist;
				LD_RUNPATH_SEARCH_PATHS = "$(inherited) @executable_path/Frameworks @loader_path/Frameworks";
				PRODUCT_BUNDLE_IDENTIFIER = com.purchase.yasn123.JCLabelTests;
				PRODUCT_NAME = "$(TARGET_NAME)";
				TEST_HOST = "$(BUILT_PRODUCTS_DIR)/JCLabel.app/JCLabel";
			};
			name = Release;
		};
		00EF7CED1CE5C35E003BAB3E /* Debug */ = {
			isa = XCBuildConfiguration;
			buildSettings = {
				INFOPLIST_FILE = JCLabelUITests/Info.plist;
				LD_RUNPATH_SEARCH_PATHS = "$(inherited) @executable_path/Frameworks @loader_path/Frameworks";
				PRODUCT_BUNDLE_IDENTIFIER = com.purchase.yasn123.JCLabelUITests;
				PRODUCT_NAME = "$(TARGET_NAME)";
				TEST_TARGET_NAME = JCLabel;
			};
			name = Debug;
		};
		00EF7CEE1CE5C35E003BAB3E /* Release */ = {
			isa = XCBuildConfiguration;
			buildSettings = {
				INFOPLIST_FILE = JCLabelUITests/Info.plist;
				LD_RUNPATH_SEARCH_PATHS = "$(inherited) @executable_path/Frameworks @loader_path/Frameworks";
				PRODUCT_BUNDLE_IDENTIFIER = com.purchase.yasn123.JCLabelUITests;
				PRODUCT_NAME = "$(TARGET_NAME)";
				TEST_TARGET_NAME = JCLabel;
			};
			name = Release;
		};
/* End XCBuildConfiguration section */

/* Begin XCConfigurationList section */
		00EF7CB41CE5C35E003BAB3E /* Build configuration list for PBXProject "JCLabel" */ = {
			isa = XCConfigurationList;
			buildConfigurations = (
				00EF7CE41CE5C35E003BAB3E /* Debug */,
				00EF7CE51CE5C35E003BAB3E /* Release */,
			);
			defaultConfigurationIsVisible = 0;
			defaultConfigurationName = Release;
		};
		00EF7CE61CE5C35E003BAB3E /* Build configuration list for PBXNativeTarget "JCLabel" */ = {
			isa = XCConfigurationList;
			buildConfigurations = (
				00EF7CE71CE5C35E003BAB3E /* Debug */,
				00EF7CE81CE5C35E003BAB3E /* Release */,
			);
			defaultConfigurationIsVisible = 0;
		};
		00EF7CE91CE5C35E003BAB3E /* Build configuration list for PBXNativeTarget "JCLabelTests" */ = {
			isa = XCConfigurationList;
			buildConfigurations = (
				00EF7CEA1CE5C35E003BAB3E /* Debug */,
				00EF7CEB1CE5C35E003BAB3E /* Release */,
			);
			defaultConfigurationIsVisible = 0;
		};
		00EF7CEC1CE5C35E003BAB3E /* Build configuration list for PBXNativeTarget "JCLabelUITests" */ = {
			isa = XCConfigurationList;
			buildConfigurations = (
				00EF7CED1CE5C35E003BAB3E /* Debug */,
				00EF7CEE1CE5C35E003BAB3E /* Release */,
			);
			defaultConfigurationIsVisible = 0;
		};
/* End XCConfigurationList section */
	};
	rootObject = 00EF7CB11CE5C35E003BAB3E /* Project object */;
}
